// !$*UTF8*$!
{
	archiveVersion = 1;
	classes = {
	};
	objectVersion = 46;
	objects = {

/* Begin PBXBuildFile section */
		1F037A4719933E9C002E099E /* SceneListViewController.m in Sources */ = {isa = PBXBuildFile; fileRef = 1F037A4619933E9C002E099E /* SceneListViewController.m */; };
		1F037A4A19934014002E099E /* SceneItem.m in Sources */ = {isa = PBXBuildFile; fileRef = 1F037A4919934014002E099E /* SceneItem.m */; };
		1F037A4E19934187002E099E /* SceneEditViewController.m in Sources */ = {isa = PBXBuildFile; fileRef = 1F037A4D19934187002E099E /* SceneEditViewController.m */; };
		1F037A5119934EE5002E099E /* SceneLEDTableViewCell.m in Sources */ = {isa = PBXBuildFile; fileRef = 1F037A5019934EE5002E099E /* SceneLEDTableViewCell.m */; };
		1F05128E19935F8E00AC0DDB /* TabBarViewController.m in Sources */ = {isa = PBXBuildFile; fileRef = 1F05128D19935F8D00AC0DDB /* TabBarViewController.m */; };
		1F1260B51990D165005FA983 /* CellBackGroud.m in Sources */ = {isa = PBXBuildFile; fileRef = 1F1260AA1990D165005FA983 /* CellBackGroud.m */; };
		1F1260B61990D165005FA983 /* ImageCollectionCell.m in Sources */ = {isa = PBXBuildFile; fileRef = 1F1260AC1990D165005FA983 /* ImageCollectionCell.m */; };
		1F1260B71990D165005FA983 /* LEDEditViewController.m in Sources */ = {isa = PBXBuildFile; fileRef = 1F1260B01990D165005FA983 /* LEDEditViewController.m */; };
		1F1260B91990D165005FA983 /* Main.storyboard in Resources */ = {isa = PBXBuildFile; fileRef = 1F1260B41990D165005FA983 /* Main.storyboard */; };
		1F1260BC1990D317005FA983 /* main.m in Sources */ = {isa = PBXBuildFile; fileRef = 1F1260BB1990D317005FA983 /* main.m */; };
		1F1260C71990D3BF005FA983 /* SceneCollectionCell.m in Sources */ = {isa = PBXBuildFile; fileRef = 1F1260C41990D3BF005FA983 /* SceneCollectionCell.m */; };
		1F1260CB1990D477005FA983 /* AppDelegate.m in Sources */ = {isa = PBXBuildFile; fileRef = 1F1260C91990D477005FA983 /* AppDelegate.m */; };
		1F1260CF1990D6A5005FA983 /* LEDItem.m in Sources */ = {isa = PBXBuildFile; fileRef = 1F1260CE1990D6A5005FA983 /* LEDItem.m */; };
		1F1260D51990D7B4005FA983 /* LEDCollectionCell.m in Sources */ = {isa = PBXBuildFile; fileRef = 1F1260D31990D7B4005FA983 /* LEDCollectionCell.m */; };
		1F1260DB1990DACB005FA983 /* LEDViewController.m in Sources */ = {isa = PBXBuildFile; fileRef = 1F1260DA1990DACB005FA983 /* LEDViewController.m */; };
		1F1260E11990DD32005FA983 /* Images.xcassets in Resources */ = {isa = PBXBuildFile; fileRef = 1F1260E01990DD32005FA983 /* Images.xcassets */; };
		1F1260E91990E0C7005FA983 /* LEDAddViewController.m in Sources */ = {isa = PBXBuildFile; fileRef = 1F1260E81990E0C7005FA983 /* LEDAddViewController.m */; };
		1F1ED95919AF0C6400E954DE /* DataModel.m in Sources */ = {isa = PBXBuildFile; fileRef = 1F1ED95819AF0C6400E954DE /* DataModel.m */; };
		1F5AC3C719937A30001A1EC8 /* ChooseLEDViewController.m in Sources */ = {isa = PBXBuildFile; fileRef = 1F5AC3C619937A30001A1EC8 /* ChooseLEDViewController.m */; };
		1F98B84E1986435000C77187 /* Foundation.framework in Frameworks */ = {isa = PBXBuildFile; fileRef = 1F98B84D1986435000C77187 /* Foundation.framework */; };
		1F98B8501986435000C77187 /* CoreGraphics.framework in Frameworks */ = {isa = PBXBuildFile; fileRef = 1F98B84F1986435000C77187 /* CoreGraphics.framework */; };
		1F98B8521986435000C77187 /* UIKit.framework in Frameworks */ = {isa = PBXBuildFile; fileRef = 1F98B8511986435000C77187 /* UIKit.framework */; };
		1F98B86D1986435100C77187 /* XCTest.framework in Frameworks */ = {isa = PBXBuildFile; fileRef = 1F98B86C1986435100C77187 /* XCTest.framework */; };
		1F98B86E1986435100C77187 /* Foundation.framework in Frameworks */ = {isa = PBXBuildFile; fileRef = 1F98B84D1986435000C77187 /* Foundation.framework */; };
		1F98B86F1986435100C77187 /* UIKit.framework in Frameworks */ = {isa = PBXBuildFile; fileRef = 1F98B8511986435000C77187 /* UIKit.framework */; };
		1F98B8771986435100C77187 /* InfoPlist.strings in Resources */ = {isa = PBXBuildFile; fileRef = 1F98B8751986435100C77187 /* InfoPlist.strings */; };
		1F98B8791986435100C77187 /* BLE_LEDTests.m in Sources */ = {isa = PBXBuildFile; fileRef = 1F98B8781986435100C77187 /* BLE_LEDTests.m */; };
		1FBA1A3919C0212800421B6F /* UIImage+Filter.m in Sources */ = {isa = PBXBuildFile; fileRef = 1FBA1A3819C0212800421B6F /* UIImage+Filter.m */; };
/* End PBXBuildFile section */

/* Begin PBXContainerItemProxy section */
		1F98B8701986435100C77187 /* PBXContainerItemProxy */ = {
			isa = PBXContainerItemProxy;
			containerPortal = 1F98B8421986435000C77187 /* Project object */;
			proxyType = 1;
			remoteGlobalIDString = 1F98B8491986435000C77187;
			remoteInfo = "BLE-LED";
		};
/* End PBXContainerItemProxy section */

/* Begin PBXFileReference section */
		1F037A4519933E9C002E099E /* SceneListViewController.h */ = {isa = PBXFileReference; fileEncoding = 4; lastKnownFileType = sourcecode.c.h; name = SceneListViewController.h; path = "BLE-LED/SceneListViewController.h"; sourceTree = "<group>"; };
		1F037A4619933E9C002E099E /* SceneListViewController.m */ = {isa = PBXFileReference; fileEncoding = 4; lastKnownFileType = sourcecode.c.objc; name = SceneListViewController.m; path = "BLE-LED/SceneListViewController.m"; sourceTree = "<group>"; };
		1F037A4819934014002E099E /* SceneItem.h */ = {isa = PBXFileReference; fileEncoding = 4; lastKnownFileType = sourcecode.c.h; name = SceneItem.h; path = "BLE-LED/SceneItem.h"; sourceTree = "<group>"; };
		1F037A4919934014002E099E /* SceneItem.m */ = {isa = PBXFileReference; fileEncoding = 4; lastKnownFileType = sourcecode.c.objc; name = SceneItem.m; path = "BLE-LED/SceneItem.m"; sourceTree = "<group>"; };
		1F037A4C19934187002E099E /* SceneEditViewController.h */ = {isa = PBXFileReference; fileEncoding = 4; lastKnownFileType = sourcecode.c.h; name = SceneEditViewController.h; path = "BLE-LED/SceneEditViewController.h"; sourceTree = "<group>"; };
		1F037A4D19934187002E099E /* SceneEditViewController.m */ = {isa = PBXFileReference; fileEncoding = 4; lastKnownFileType = sourcecode.c.objc; name = SceneEditViewController.m; path = "BLE-LED/SceneEditViewController.m"; sourceTree = "<group>"; };
		1F037A4F19934EE5002E099E /* SceneLEDTableViewCell.h */ = {isa = PBXFileReference; fileEncoding = 4; lastKnownFileType = sourcecode.c.h; name = SceneLEDTableViewCell.h; path = "BLE-LED/SceneLEDTableViewCell.h"; sourceTree = "<group>"; };
		1F037A5019934EE5002E099E /* SceneLEDTableViewCell.m */ = {isa = PBXFileReference; fileEncoding = 4; lastKnownFileType = sourcecode.c.objc; name = SceneLEDTableViewCell.m; path = "BLE-LED/SceneLEDTableViewCell.m"; sourceTree = "<group>"; };
		1F05128C19935F8D00AC0DDB /* TabBarViewController.h */ = {isa = PBXFileReference; fileEncoding = 4; lastKnownFileType = sourcecode.c.h; name = TabBarViewController.h; path = "BLE-LED/TabBarViewController.h"; sourceTree = "<group>"; };
		1F05128D19935F8D00AC0DDB /* TabBarViewController.m */ = {isa = PBXFileReference; fileEncoding = 4; lastKnownFileType = sourcecode.c.objc; name = TabBarViewController.m; path = "BLE-LED/TabBarViewController.m"; sourceTree = "<group>"; };
		1F1260AA1990D165005FA983 /* CellBackGroud.m */ = {isa = PBXFileReference; fileEncoding = 4; lastKnownFileType = sourcecode.c.objc; name = CellBackGroud.m; path = "BLE-LED/CellBackGroud.m"; sourceTree = "<group>"; };
		1F1260AB1990D165005FA983 /* ImageCollectionCell.h */ = {isa = PBXFileReference; fileEncoding = 4; lastKnownFileType = sourcecode.c.h; name = ImageCollectionCell.h; path = "BLE-LED/ImageCollectionCell.h"; sourceTree = "<group>"; };
		1F1260AC1990D165005FA983 /* ImageCollectionCell.m */ = {isa = PBXFileReference; fileEncoding = 4; lastKnownFileType = sourcecode.c.objc; name = ImageCollectionCell.m; path = "BLE-LED/ImageCollectionCell.m"; sourceTree = "<group>"; };
		1F1260AF1990D165005FA983 /* LEDEditViewController.h */ = {isa = PBXFileReference; fileEncoding = 4; lastKnownFileType = sourcecode.c.h; name = LEDEditViewController.h; path = "BLE-LED/LEDEditViewController.h"; sourceTree = "<group>"; };
		1F1260B01990D165005FA983 /* LEDEditViewController.m */ = {isa = PBXFileReference; fileEncoding = 4; lastKnownFileType = sourcecode.c.objc; name = LEDEditViewController.m; path = "BLE-LED/LEDEditViewController.m"; sourceTree = "<group>"; };
		1F1260B11990D165005FA983 /* LEDItem.h */ = {isa = PBXFileReference; fileEncoding = 4; lastKnownFileType = sourcecode.c.h; name = LEDItem.h; path = "BLE-LED/LEDItem.h"; sourceTree = "<group>"; };
		1F1260B41990D165005FA983 /* Main.storyboard */ = {isa = PBXFileReference; fileEncoding = 4; lastKnownFileType = file.storyboard; name = Main.storyboard; path = "BLE-LED/Main.storyboard"; sourceTree = "<group>"; };
		1F1260BB1990D317005FA983 /* main.m */ = {isa = PBXFileReference; fileEncoding = 4; lastKnownFileType = sourcecode.c.objc; name = main.m; path = "BLE-LED/main.m"; sourceTree = "<group>"; };
		1F1260BF1990D388005FA983 /* BLE-LED-Prefix.pch */ = {isa = PBXFileReference; fileEncoding = 4; lastKnownFileType = sourcecode.c.h; name = "BLE-LED-Prefix.pch"; path = "BLE-LED/BLE-LED-Prefix.pch"; sourceTree = "<group>"; };
		1F1260C31990D3BF005FA983 /* SceneCollectionCell.h */ = {isa = PBXFileReference; fileEncoding = 4; lastKnownFileType = sourcecode.c.h; name = SceneCollectionCell.h; path = "BLE-LED/SceneCollectionCell.h"; sourceTree = "<group>"; };
		1F1260C41990D3BF005FA983 /* SceneCollectionCell.m */ = {isa = PBXFileReference; fileEncoding = 4; lastKnownFileType = sourcecode.c.objc; name = SceneCollectionCell.m; path = "BLE-LED/SceneCollectionCell.m"; sourceTree = "<group>"; };
		1F1260C81990D477005FA983 /* AppDelegate.h */ = {isa = PBXFileReference; fileEncoding = 4; lastKnownFileType = sourcecode.c.h; name = AppDelegate.h; path = "BLE-LED/AppDelegate.h"; sourceTree = "<group>"; };
		1F1260C91990D477005FA983 /* AppDelegate.m */ = {isa = PBXFileReference; fileEncoding = 4; lastKnownFileType = sourcecode.c.objc; name = AppDelegate.m; path = "BLE-LED/AppDelegate.m"; sourceTree = "<group>"; };
		1F1260CA1990D477005FA983 /* CellBackGroud.h */ = {isa = PBXFileReference; fileEncoding = 4; lastKnownFileType = sourcecode.c.h; name = CellBackGroud.h; path = "BLE-LED/CellBackGroud.h"; sourceTree = "<group>"; };
		1F1260CE1990D6A5005FA983 /* LEDItem.m */ = {isa = PBXFileReference; fileEncoding = 4; lastKnownFileType = sourcecode.c.objc; name = LEDItem.m; path = "BLE-LED/LEDItem.m"; sourceTree = "<group>"; };
		1F1260D31990D7B4005FA983 /* LEDCollectionCell.m */ = {isa = PBXFileReference; fileEncoding = 4; lastKnownFileType = sourcecode.c.objc; name = LEDCollectionCell.m; path = "BLE-LED/LEDCollectionCell.m"; sourceTree = "<group>"; };
		1F1260D41990D7B4005FA983 /* LEDCollectionCell.h */ = {isa = PBXFileReference; fileEncoding = 4; lastKnownFileType = sourcecode.c.h; name = LEDCollectionCell.h; path = "BLE-LED/LEDCollectionCell.h"; sourceTree = "<group>"; };
		1F1260D91990DACB005FA983 /* LEDViewController.h */ = {isa = PBXFileReference; fileEncoding = 4; lastKnownFileType = sourcecode.c.h; name = LEDViewController.h; path = "BLE-LED/LEDViewController.h"; sourceTree = "<group>"; };
		1F1260DA1990DACB005FA983 /* LEDViewController.m */ = {isa = PBXFileReference; fileEncoding = 4; lastKnownFileType = sourcecode.c.objc; name = LEDViewController.m; path = "BLE-LED/LEDViewController.m"; sourceTree = "<group>"; };
		1F1260E01990DD32005FA983 /* Images.xcassets */ = {isa = PBXFileReference; lastKnownFileType = folder.assetcatalog; name = Images.xcassets; path = "BLE-LED/Images.xcassets"; sourceTree = "<group>"; };
		1F1260E71990E0C7005FA983 /* LEDAddViewController.h */ = {isa = PBXFileReference; fileEncoding = 4; lastKnownFileType = sourcecode.c.h; name = LEDAddViewController.h; path = "BLE-LED/LEDAddViewController.h"; sourceTree = "<group>"; };
		1F1260E81990E0C7005FA983 /* LEDAddViewController.m */ = {isa = PBXFileReference; fileEncoding = 4; lastKnownFileType = sourcecode.c.objc; name = LEDAddViewController.m; path = "BLE-LED/LEDAddViewController.m"; sourceTree = "<group>"; };
		1F1ED95719AF0C6400E954DE /* DataModel.h */ = {isa = PBXFileReference; fileEncoding = 4; lastKnownFileType = sourcecode.c.h; name = DataModel.h; path = "BLE-LED/DataModel.h"; sourceTree = "<group>"; };
		1F1ED95819AF0C6400E954DE /* DataModel.m */ = {isa = PBXFileReference; fileEncoding = 4; lastKnownFileType = sourcecode.c.objc; name = DataModel.m; path = "BLE-LED/DataModel.m"; sourceTree = "<group>"; };
		1F5AC3C519937A30001A1EC8 /* ChooseLEDViewController.h */ = {isa = PBXFileReference; fileEncoding = 4; lastKnownFileType = sourcecode.c.h; name = ChooseLEDViewController.h; path = "BLE-LED/ChooseLEDViewController.h"; sourceTree = "<group>"; };
		1F5AC3C619937A30001A1EC8 /* ChooseLEDViewController.m */ = {isa = PBXFileReference; fileEncoding = 4; lastKnownFileType = sourcecode.c.objc; name = ChooseLEDViewController.m; path = "BLE-LED/ChooseLEDViewController.m"; sourceTree = "<group>"; };
		1F98B84A1986435000C77187 /* BLE-LED.app */ = {isa = PBXFileReference; explicitFileType = wrapper.application; includeInIndex = 0; path = "BLE-LED.app"; sourceTree = BUILT_PRODUCTS_DIR; };
		1F98B84D1986435000C77187 /* Foundation.framework */ = {isa = PBXFileReference; lastKnownFileType = wrapper.framework; name = Foundation.framework; path = System/Library/Frameworks/Foundation.framework; sourceTree = SDKROOT; };
		1F98B84F1986435000C77187 /* CoreGraphics.framework */ = {isa = PBXFileReference; lastKnownFileType = wrapper.framework; name = CoreGraphics.framework; path = System/Library/Frameworks/CoreGraphics.framework; sourceTree = SDKROOT; };
		1F98B8511986435000C77187 /* UIKit.framework */ = {isa = PBXFileReference; lastKnownFileType = wrapper.framework; name = UIKit.framework; path = System/Library/Frameworks/UIKit.framework; sourceTree = SDKROOT; };
		1F98B86B1986435100C77187 /* BLE-LEDTests.xctest */ = {isa = PBXFileReference; explicitFileType = wrapper.cfbundle; includeInIndex = 0; path = "BLE-LEDTests.xctest"; sourceTree = BUILT_PRODUCTS_DIR; };
		1F98B86C1986435100C77187 /* XCTest.framework */ = {isa = PBXFileReference; lastKnownFileType = wrapper.framework; name = XCTest.framework; path = Library/Frameworks/XCTest.framework; sourceTree = DEVELOPER_DIR; };
		1F98B8741986435100C77187 /* BLE-LEDTests-Info.plist */ = {isa = PBXFileReference; lastKnownFileType = text.plist.xml; path = "BLE-LEDTests-Info.plist"; sourceTree = "<group>"; };
		1F98B8761986435100C77187 /* en */ = {isa = PBXFileReference; lastKnownFileType = text.plist.strings; name = en; path = en.lproj/InfoPlist.strings; sourceTree = "<group>"; };
		1F98B8781986435100C77187 /* BLE_LEDTests.m */ = {isa = PBXFileReference; lastKnownFileType = sourcecode.c.objc; path = BLE_LEDTests.m; sourceTree = "<group>"; };
		1FBA1A3719C0212800421B6F /* UIImage+Filter.h */ = {isa = PBXFileReference; fileEncoding = 4; lastKnownFileType = sourcecode.c.h; name = "UIImage+Filter.h"; path = "BLE-LED/UIImage+Filter.h"; sourceTree = "<group>"; };
		1FBA1A3819C0212800421B6F /* UIImage+Filter.m */ = {isa = PBXFileReference; fileEncoding = 4; lastKnownFileType = sourcecode.c.objc; name = "UIImage+Filter.m"; path = "BLE-LED/UIImage+Filter.m"; sourceTree = "<group>"; };
/* End PBXFileReference section */

/* Begin PBXFrameworksBuildPhase section */
		1F98B8471986435000C77187 /* Frameworks */ = {
			isa = PBXFrameworksBuildPhase;
			buildActionMask = 2147483647;
			files = (
				1F98B8501986435000C77187 /* CoreGraphics.framework in Frameworks */,
				1F98B8521986435000C77187 /* UIKit.framework in Frameworks */,
				1F98B84E1986435000C77187 /* Foundation.framework in Frameworks */,
			);
			runOnlyForDeploymentPostprocessing = 0;
		};
		1F98B8681986435100C77187 /* Frameworks */ = {
			isa = PBXFrameworksBuildPhase;
			buildActionMask = 2147483647;
			files = (
				1F98B86D1986435100C77187 /* XCTest.framework in Frameworks */,
				1F98B86F1986435100C77187 /* UIKit.framework in Frameworks */,
				1F98B86E1986435100C77187 /* Foundation.framework in Frameworks */,
			);
			runOnlyForDeploymentPostprocessing = 0;
		};
/* End PBXFrameworksBuildPhase section */

/* Begin PBXGroup section */
		1F037A4419933E04002E099E /* List */ = {
			isa = PBXGroup;
			children = (
				1F1260C31990D3BF005FA983 /* SceneCollectionCell.h */,
				1F1260C41990D3BF005FA983 /* SceneCollectionCell.m */,
				1F037A4519933E9C002E099E /* SceneListViewController.h */,
				1F037A4619933E9C002E099E /* SceneListViewController.m */,
			);
			name = List;
			sourceTree = "<group>";
		};
		1F037A4B19934139002E099E /* Add */ = {
			isa = PBXGroup;
			children = (
				1F037A4C19934187002E099E /* SceneEditViewController.h */,
				1F037A4D19934187002E099E /* SceneEditViewController.m */,
				1F037A4F19934EE5002E099E /* SceneLEDTableViewCell.h */,
				1F037A5019934EE5002E099E /* SceneLEDTableViewCell.m */,
				1F5AC3C519937A30001A1EC8 /* ChooseLEDViewController.h */,
				1F5AC3C619937A30001A1EC8 /* ChooseLEDViewController.m */,
			);
			name = Add;
			sourceTree = "<group>";
		};
		1F1260A91990D127005FA983 /* BLE-LED */ = {
			isa = PBXGroup;
			children = (
				1F05128C19935F8D00AC0DDB /* TabBarViewController.h */,
				1F05128D19935F8D00AC0DDB /* TabBarViewController.m */,
				1F1260E31990DF65005FA983 /* SceneTab */,
				1F1260E21990DF4F005FA983 /* LEDTab */,
				1F1260E01990DD32005FA983 /* Images.xcassets */,
				1F1ED95719AF0C6400E954DE /* DataModel.h */,
				1F1ED95819AF0C6400E954DE /* DataModel.m */,
				1F1260C81990D477005FA983 /* AppDelegate.h */,
				1F1260C91990D477005FA983 /* AppDelegate.m */,
				1FBA1A3719C0212800421B6F /* UIImage+Filter.h */,
				1FBA1A3819C0212800421B6F /* UIImage+Filter.m */,
				1F1260B41990D165005FA983 /* Main.storyboard */,
				1F1260BA1990D1D8005FA983 /* Supporting Files */,
			);
			name = "BLE-LED";
			sourceTree = "<group>";
		};
		1F1260BA1990D1D8005FA983 /* Supporting Files */ = {
			isa = PBXGroup;
			children = (
				1F1260BF1990D388005FA983 /* BLE-LED-Prefix.pch */,
				1F1260BB1990D317005FA983 /* main.m */,
			);
			name = "Supporting Files";
			sourceTree = "<group>";
		};
		1F1260E21990DF4F005FA983 /* LEDTab */ = {
			isa = PBXGroup;
			children = (
				1F1260E61990DFDA005FA983 /* Add */,
				1F1260E51990DFD0005FA983 /* Edit */,
				1F1260E41990DFC8005FA983 /* LIst */,
				1F1260B11990D165005FA983 /* LEDItem.h */,
				1F1260CE1990D6A5005FA983 /* LEDItem.m */,
			);
			name = LEDTab;
			sourceTree = "<group>";
		};
		1F1260E31990DF65005FA983 /* SceneTab */ = {
			isa = PBXGroup;
			children = (
				1F037A4B19934139002E099E /* Add */,
				1F037A4419933E04002E099E /* List */,
				1F037A4819934014002E099E /* SceneItem.h */,
				1F037A4919934014002E099E /* SceneItem.m */,
			);
			name = SceneTab;
			sourceTree = "<group>";
		};
		1F1260E41990DFC8005FA983 /* LIst */ = {
			isa = PBXGroup;
			children = (
				1F1260CA1990D477005FA983 /* CellBackGroud.h */,
				1F1260AA1990D165005FA983 /* CellBackGroud.m */,
				1F1260D31990D7B4005FA983 /* LEDCollectionCell.m */,
				1F1260D41990D7B4005FA983 /* LEDCollectionCell.h */,
				1F1260D91990DACB005FA983 /* LEDViewController.h */,
				1F1260DA1990DACB005FA983 /* LEDViewController.m */,
			);
			name = LIst;
			sourceTree = "<group>";
		};
		1F1260E51990DFD0005FA983 /* Edit */ = {
			isa = PBXGroup;
			children = (
				1F1260AB1990D165005FA983 /* ImageCollectionCell.h */,
				1F1260AC1990D165005FA983 /* ImageCollectionCell.m */,
				1F1260AF1990D165005FA983 /* LEDEditViewController.h */,
				1F1260B01990D165005FA983 /* LEDEditViewController.m */,
			);
			name = Edit;
			sourceTree = "<group>";
		};
		1F1260E61990DFDA005FA983 /* Add */ = {
			isa = PBXGroup;
			children = (
				1F1260E71990E0C7005FA983 /* LEDAddViewController.h */,
				1F1260E81990E0C7005FA983 /* LEDAddViewController.m */,
			);
			name = Add;
			sourceTree = "<group>";
		};
		1F98B8411986435000C77187 = {
			isa = PBXGroup;
			children = (
				1F1260A91990D127005FA983 /* BLE-LED */,
				1F98B8721986435100C77187 /* BLE-LEDTests */,
				1F98B84C1986435000C77187 /* Frameworks */,
				1F98B84B1986435000C77187 /* Products */,
			);
			sourceTree = "<group>";
		};
		1F98B84B1986435000C77187 /* Products */ = {
			isa = PBXGroup;
			children = (
				1F98B84A1986435000C77187 /* BLE-LED.app */,
				1F98B86B1986435100C77187 /* BLE-LEDTests.xctest */,
			);
			name = Products;
			sourceTree = "<group>";
		};
		1F98B84C1986435000C77187 /* Frameworks */ = {
			isa = PBXGroup;
			children = (
				1F98B84D1986435000C77187 /* Foundation.framework */,
				1F98B84F1986435000C77187 /* CoreGraphics.framework */,
				1F98B8511986435000C77187 /* UIKit.framework */,
				1F98B86C1986435100C77187 /* XCTest.framework */,
			);
			name = Frameworks;
			sourceTree = "<group>";
		};
		1F98B8721986435100C77187 /* BLE-LEDTests */ = {
			isa = PBXGroup;
			children = (
				1F98B8781986435100C77187 /* BLE_LEDTests.m */,
				1F98B8731986435100C77187 /* Supporting Files */,
			);
			path = "BLE-LEDTests";
			sourceTree = "<group>";
		};
		1F98B8731986435100C77187 /* Supporting Files */ = {
			isa = PBXGroup;
			children = (
				1F98B8741986435100C77187 /* BLE-LEDTests-Info.plist */,
				1F98B8751986435100C77187 /* InfoPlist.strings */,
			);
			name = "Supporting Files";
			sourceTree = "<group>";
		};
/* End PBXGroup section */

/* Begin PBXNativeTarget section */
		1F98B8491986435000C77187 /* BLE-LED */ = {
			isa = PBXNativeTarget;
			buildConfigurationList = 1F98B87C1986435100C77187 /* Build configuration list for PBXNativeTarget "BLE-LED" */;
			buildPhases = (
				1F98B8461986435000C77187 /* Sources */,
				1F98B8471986435000C77187 /* Frameworks */,
				1F98B8481986435000C77187 /* Resources */,
			);
			buildRules = (
			);
			dependencies = (
			);
			name = "BLE-LED";
			productName = "BLE-LED";
			productReference = 1F98B84A1986435000C77187 /* BLE-LED.app */;
			productType = "com.apple.product-type.application";
		};
		1F98B86A1986435100C77187 /* BLE-LEDTests */ = {
			isa = PBXNativeTarget;
			buildConfigurationList = 1F98B87F1986435100C77187 /* Build configuration list for PBXNativeTarget "BLE-LEDTests" */;
			buildPhases = (
				1F98B8671986435100C77187 /* Sources */,
				1F98B8681986435100C77187 /* Frameworks */,
				1F98B8691986435100C77187 /* Resources */,
			);
			buildRules = (
			);
			dependencies = (
				1F98B8711986435100C77187 /* PBXTargetDependency */,
			);
			name = "BLE-LEDTests";
			productName = "BLE-LEDTests";
			productReference = 1F98B86B1986435100C77187 /* BLE-LEDTests.xctest */;
			productType = "com.apple.product-type.bundle.unit-test";
		};
/* End PBXNativeTarget section */

/* Begin PBXProject section */
		1F98B8421986435000C77187 /* Project object */ = {
			isa = PBXProject;
			attributes = {
				LastUpgradeCheck = 0510;
				ORGANIZATIONNAME = jiuzhou;
				TargetAttributes = {
					1F98B8491986435000C77187 = {
						DevelopmentTeam = QLQELZN7GW;
					};
					1F98B86A1986435100C77187 = {
						TestTargetID = 1F98B8491986435000C77187;
					};
				};
			};
			buildConfigurationList = 1F98B8451986435000C77187 /* Build configuration list for PBXProject "BLE-LED" */;
			compatibilityVersion = "Xcode 3.2";
			developmentRegion = English;
			hasScannedForEncodings = 0;
			knownRegions = (
				en,
				Base,
			);
			mainGroup = 1F98B8411986435000C77187;
			productRefGroup = 1F98B84B1986435000C77187 /* Products */;
			projectDirPath = "";
			projectRoot = "";
			targets = (
				1F98B8491986435000C77187 /* BLE-LED */,
				1F98B86A1986435100C77187 /* BLE-LEDTests */,
			);
		};
/* End PBXProject section */

/* Begin PBXResourcesBuildPhase section */
		1F98B8481986435000C77187 /* Resources */ = {
			isa = PBXResourcesBuildPhase;
			buildActionMask = 2147483647;
			files = (
				1F1260E11990DD32005FA983 /* Images.xcassets in Resources */,
				1F1260B91990D165005FA983 /* Main.storyboard in Resources */,
			);
			runOnlyForDeploymentPostprocessing = 0;
		};
		1F98B8691986435100C77187 /* Resources */ = {
			isa = PBXResourcesBuildPhase;
			buildActionMask = 2147483647;
			files = (
				1F98B8771986435100C77187 /* InfoPlist.strings in Resources */,
			);
			runOnlyForDeploymentPostprocessing = 0;
		};
/* End PBXResourcesBuildPhase section */

/* Begin PBXSourcesBuildPhase section */
		1F98B8461986435000C77187 /* Sources */ = {
			isa = PBXSourcesBuildPhase;
			buildActionMask = 2147483647;
			files = (
				1F1260CF1990D6A5005FA983 /* LEDItem.m in Sources */,
				1F1260BC1990D317005FA983 /* main.m in Sources */,
				1F1260B51990D165005FA983 /* CellBackGroud.m in Sources */,
				1F1260CB1990D477005FA983 /* AppDelegate.m in Sources */,
				1F037A4719933E9C002E099E /* SceneListViewController.m in Sources */,
				1F1260C71990D3BF005FA983 /* SceneCollectionCell.m in Sources */,
				1F1260DB1990DACB005FA983 /* LEDViewController.m in Sources */,
				1F1260B71990D165005FA983 /* LEDEditViewController.m in Sources */,
				1F1260D51990D7B4005FA983 /* LEDCollectionCell.m in Sources */,
				1F5AC3C719937A30001A1EC8 /* ChooseLEDViewController.m in Sources */,
				1F037A4E19934187002E099E /* SceneEditViewController.m in Sources */,
				1FBA1A3919C0212800421B6F /* UIImage+Filter.m in Sources */,
				1F05128E19935F8E00AC0DDB /* TabBarViewController.m in Sources */,
				1F1260E91990E0C7005FA983 /* LEDAddViewController.m in Sources */,
				1F1ED95919AF0C6400E954DE /* DataModel.m in Sources */,
				1F1260B61990D165005FA983 /* ImageCollectionCell.m in Sources */,
				1F037A5119934EE5002E099E /* SceneLEDTableViewCell.m in Sources */,
				1F037A4A19934014002E099E /* SceneItem.m in Sources */,
			);
			runOnlyForDeploymentPostprocessing = 0;
		};
		1F98B8671986435100C77187 /* Sources */ = {
			isa = PBXSourcesBuildPhase;
			buildActionMask = 2147483647;
			files = (
				1F98B8791986435100C77187 /* BLE_LEDTests.m in Sources */,
			);
			runOnlyForDeploymentPostprocessing = 0;
		};
/* End PBXSourcesBuildPhase section */

/* Begin PBXTargetDependency section */
		1F98B8711986435100C77187 /* PBXTargetDependency */ = {
			isa = PBXTargetDependency;
			target = 1F98B8491986435000C77187 /* BLE-LED */;
			targetProxy = 1F98B8701986435100C77187 /* PBXContainerItemProxy */;
		};
/* End PBXTargetDependency section */

/* Begin PBXVariantGroup section */
		1F98B8751986435100C77187 /* InfoPlist.strings */ = {
			isa = PBXVariantGroup;
			children = (
				1F98B8761986435100C77187 /* en */,
			);
			name = InfoPlist.strings;
			sourceTree = "<group>";
		};
/* End PBXVariantGroup section */

/* Begin XCBuildConfiguration section */
		1F98B87A1986435100C77187 /* Debug */ = {
			isa = XCBuildConfiguration;
			buildSettings = {
				ALWAYS_SEARCH_USER_PATHS = NO;
				CLANG_CXX_LANGUAGE_STANDARD = "gnu++0x";
				CLANG_CXX_LIBRARY = "libc++";
				CLANG_ENABLE_MODULES = YES;
				CLANG_ENABLE_OBJC_ARC = YES;
				CLANG_WARN_BOOL_CONVERSION = YES;
				CLANG_WARN_CONSTANT_CONVERSION = YES;
				CLANG_WARN_DIRECT_OBJC_ISA_USAGE = YES_ERROR;
				CLANG_WARN_EMPTY_BODY = YES;
				CLANG_WARN_ENUM_CONVERSION = YES;
				CLANG_WARN_INT_CONVERSION = YES;
				CLANG_WARN_OBJC_ROOT_CLASS = YES_ERROR;
				CLANG_WARN__DUPLICATE_METHOD_MATCH = YES;
				CODE_SIGN_IDENTITY = "iPhone Developer: Hua Wang (XAHCDQNNV7)";
				"CODE_SIGN_IDENTITY[sdk=iphoneos*]" = "iPhone Developer: Hua Wang (XAHCDQNNV7)";
				COPY_PHASE_STRIP = NO;
				GCC_C_LANGUAGE_STANDARD = gnu99;
				GCC_DYNAMIC_NO_PIC = NO;
				GCC_OPTIMIZATION_LEVEL = 0;
				GCC_PREPROCESSOR_DEFINITIONS = (
					"DEBUG=1",
					"$(inherited)",
				);
				GCC_SYMBOLS_PRIVATE_EXTERN = NO;
				GCC_WARN_64_TO_32_BIT_CONVERSION = YES;
				GCC_WARN_ABOUT_RETURN_TYPE = YES_ERROR;
				GCC_WARN_UNDECLARED_SELECTOR = YES;
				GCC_WARN_UNINITIALIZED_AUTOS = YES_AGGRESSIVE;
				GCC_WARN_UNUSED_FUNCTION = YES;
				GCC_WARN_UNUSED_VARIABLE = YES;
				IPHONEOS_DEPLOYMENT_TARGET = 7.0;
				ONLY_ACTIVE_ARCH = YES;
				SDKROOT = iphoneos;
			};
			name = Debug;
		};
		1F98B87B1986435100C77187 /* Release */ = {
			isa = XCBuildConfiguration;
			buildSettings = {
				ALWAYS_SEARCH_USER_PATHS = NO;
				CLANG_CXX_LANGUAGE_STANDARD = "gnu++0x";
				CLANG_CXX_LIBRARY = "libc++";
				CLANG_ENABLE_MODULES = YES;
				CLANG_ENABLE_OBJC_ARC = YES;
				CLANG_WARN_BOOL_CONVERSION = YES;
				CLANG_WARN_CONSTANT_CONVERSION = YES;
				CLANG_WARN_DIRECT_OBJC_ISA_USAGE = YES_ERROR;
				CLANG_WARN_EMPTY_BODY = YES;
				CLANG_WARN_ENUM_CONVERSION = YES;
				CLANG_WARN_INT_CONVERSION = YES;
				CLANG_WARN_OBJC_ROOT_CLASS = YES_ERROR;
				CLANG_WARN__DUPLICATE_METHOD_MATCH = YES;
				CODE_SIGN_IDENTITY = "iPhone Developer: Hua Wang (XAHCDQNNV7)";
				"CODE_SIGN_IDENTITY[sdk=iphoneos*]" = "iPhone Developer: Hua Wang (XAHCDQNNV7)";
				COPY_PHASE_STRIP = YES;
				ENABLE_NS_ASSERTIONS = NO;
				GCC_C_LANGUAGE_STANDARD = gnu99;
				GCC_WARN_64_TO_32_BIT_CONVERSION = YES;
				GCC_WARN_ABOUT_RETURN_TYPE = YES_ERROR;
				GCC_WARN_UNDECLARED_SELECTOR = YES;
				GCC_WARN_UNINITIALIZED_AUTOS = YES_AGGRESSIVE;
				GCC_WARN_UNUSED_FUNCTION = YES;
				GCC_WARN_UNUSED_VARIABLE = YES;
				IPHONEOS_DEPLOYMENT_TARGET = 7.0;
				SDKROOT = iphoneos;
				VALIDATE_PRODUCT = YES;
			};
			name = Release;
		};
		1F98B87D1986435100C77187 /* Debug */ = {
			isa = XCBuildConfiguration;
			buildSettings = {
				ASSETCATALOG_COMPILER_APPICON_NAME = AppIcon;
				ASSETCATALOG_COMPILER_LAUNCHIMAGE_NAME = LaunchImage;
				CODE_SIGN_IDENTITY = "iPhone Developer: Hua Wang (XAHCDQNNV7)";
				"CODE_SIGN_IDENTITY[sdk=iphoneos*]" = "iPhone Developer: Hua Wang (XAHCDQNNV7)";
				GCC_PRECOMPILE_PREFIX_HEADER = YES;
				GCC_PREFIX_HEADER = "BLE-LED/BLE-LED-Prefix.pch";
				INFOPLIST_FILE = "BLE-LED/BLE-LED-Info.plist";
				PRODUCT_NAME = "$(TARGET_NAME)";
				WRAPPER_EXTENSION = app;
			};
			name = Debug;
		};
		1F98B87E1986435100C77187 /* Release */ = {
			isa = XCBuildConfiguration;
			buildSettings = {
				ASSETCATALOG_COMPILER_APPICON_NAME = AppIcon;
				ASSETCATALOG_COMPILER_LAUNCHIMAGE_NAME = LaunchImage;
				CODE_SIGN_IDENTITY = "iPhone Developer: Hua Wang (XAHCDQNNV7)";
				"CODE_SIGN_IDENTITY[sdk=iphoneos*]" = "iPhone Developer: Hua Wang (XAHCDQNNV7)";
				GCC_PRECOMPILE_PREFIX_HEADER = YES;
				GCC_PREFIX_HEADER = "BLE-LED/BLE-LED-Prefix.pch";
				INFOPLIST_FILE = "BLE-LED/BLE-LED-Info.plist";
				PRODUCT_NAME = "$(TARGET_NAME)";
				WRAPPER_EXTENSION = app;
			};
			name = Release;
		};
		1F98B8801986435100C77187 /* Debug */ = {
			isa = XCBuildConfiguration;
			buildSettings = {
				BUNDLE_LOADER = "$(BUILT_PRODUCTS_DIR)/BLE-LED.app/BLE-LED";
				FRAMEWORK_SEARCH_PATHS = (
					"$(SDKROOT)/Developer/Library/Frameworks",
					"$(inherited)",
					"$(DEVELOPER_FRAMEWORKS_DIR)",
				);
				GCC_PRECOMPILE_PREFIX_HEADER = YES;
				GCC_PREFIX_HEADER = "BLE-LED/BLE-LED-Prefix.pch";
				GCC_PREPROCESSOR_DEFINITIONS = (
					"DEBUG=1",
					"$(inherited)",
				);
				INFOPLIST_FILE = "BLE-LEDTests/BLE-LEDTests-Info.plist";
				PRODUCT_NAME = "$(TARGET_NAME)";
				TEST_HOST = "$(BUNDLE_LOADER)";
				WRAPPER_EXTENSION = xctest;
			};
			name = Debug;
		};
		1F98B8811986435100C77187 /* Release */ = {
			isa = XCBuildConfiguration;
			buildSettings = {
				BUNDLE_LOADER = "$(BUILT_PRODUCTS_DIR)/BLE-LED.app/BLE-LED";
				FRAMEWORK_SEARCH_PATHS = (
					"$(SDKROOT)/Developer/Library/Frameworks",
					"$(inherited)",
					"$(DEVELOPER_FRAMEWORKS_DIR)",
				);
				GCC_PRECOMPILE_PREFIX_HEADER = YES;
				GCC_PREFIX_HEADER = "BLE-LED/BLE-LED-Prefix.pch";
				INFOPLIST_FILE = "BLE-LEDTests/BLE-LEDTests-Info.plist";
				PRODUCT_NAME = "$(TARGET_NAME)";
				TEST_HOST = "$(BUNDLE_LOADER)";
				WRAPPER_EXTENSION = xctest;
			};
			name = Release;
		};
/* End XCBuildConfiguration section */

/* Begin XCConfigurationList section */
		1F98B8451986435000C77187 /* Build configuration list for PBXProject "BLE-LED" */ = {
			isa = XCConfigurationList;
			buildConfigurations = (
				1F98B87A1986435100C77187 /* Debug */,
				1F98B87B1986435100C77187 /* Release */,
			);
			defaultConfigurationIsVisible = 0;
			defaultConfigurationName = Release;
		};
		1F98B87C1986435100C77187 /* Build configuration list for PBXNativeTarget "BLE-LED" */ = {
			isa = XCConfigurationList;
			buildConfigurations = (
				1F98B87D1986435100C77187 /* Debug */,
				1F98B87E1986435100C77187 /* Release */,
			);
			defaultConfigurationIsVisible = 0;
			defaultConfigurationName = Release;
		};
		1F98B87F1986435100C77187 /* Build configuration list for PBXNativeTarget "BLE-LEDTests" */ = {
			isa = XCConfigurationList;
			buildConfigurations = (
				1F98B8801986435100C77187 /* Debug */,
				1F98B8811986435100C77187 /* Release */,
			);
			defaultConfigurationIsVisible = 0;
			defaultConfigurationName = Release;
		};
/* End XCConfigurationList section */
	};
	rootObject = 1F98B8421986435000C77187 /* Project object */;
}
