// !$*UTF8*$!
{
	archiveVersion = 1;
	classes = {
	};
	objectVersion = 46;
	objects = {

/* Begin PBXBuildFile section */
		1F98B84E1986435000C77187 /* Foundation.framework in Frameworks */ = {isa = PBXBuildFile; fileRef = 1F98B84D1986435000C77187 /* Foundation.framework */; };
		1F98B8501986435000C77187 /* CoreGraphics.framework in Frameworks */ = {isa = PBXBuildFile; fileRef = 1F98B84F1986435000C77187 /* CoreGraphics.framework */; };
		1F98B8521986435000C77187 /* UIKit.framework in Frameworks */ = {isa = PBXBuildFile; fileRef = 1F98B8511986435000C77187 /* UIKit.framework */; };
		1F98B8581986435000C77187 /* InfoPlist.strings in Resources */ = {isa = PBXBuildFile; fileRef = 1F98B8561986435000C77187 /* InfoPlist.strings */; };
		1F98B85A1986435100C77187 /* main.m in Sources */ = {isa = PBXBuildFile; fileRef = 1F98B8591986435100C77187 /* main.m */; };
		1F98B85E1986435100C77187 /* AppDelegate.m in Sources */ = {isa = PBXBuildFile; fileRef = 1F98B85D1986435100C77187 /* AppDelegate.m */; };
		1F98B8611986435100C77187 /* Main.storyboard in Resources */ = {isa = PBXBuildFile; fileRef = 1F98B85F1986435100C77187 /* Main.storyboard */; };
		1F98B8641986435100C77187 /* ViewController.m in Sources */ = {isa = PBXBuildFile; fileRef = 1F98B8631986435100C77187 /* ViewController.m */; };
		1F98B8661986435100C77187 /* Images.xcassets in Resources */ = {isa = PBXBuildFile; fileRef = 1F98B8651986435100C77187 /* Images.xcassets */; };
		1F98B86D1986435100C77187 /* XCTest.framework in Frameworks */ = {isa = PBXBuildFile; fileRef = 1F98B86C1986435100C77187 /* XCTest.framework */; };
		1F98B86E1986435100C77187 /* Foundation.framework in Frameworks */ = {isa = PBXBuildFile; fileRef = 1F98B84D1986435000C77187 /* Foundation.framework */; };
		1F98B86F1986435100C77187 /* UIKit.framework in Frameworks */ = {isa = PBXBuildFile; fileRef = 1F98B8511986435000C77187 /* UIKit.framework */; };
		1F98B8771986435100C77187 /* InfoPlist.strings in Resources */ = {isa = PBXBuildFile; fileRef = 1F98B8751986435100C77187 /* InfoPlist.strings */; };
		1F98B8791986435100C77187 /* BLE_LEDTests.m in Sources */ = {isa = PBXBuildFile; fileRef = 1F98B8781986435100C77187 /* BLE_LEDTests.m */; };
/* End PBXBuildFile section */

/* Begin PBXContainerItemProxy section */
		1F98B8701986435100C77187 /* PBXContainerItemProxy */ = {
			isa = PBXContainerItemProxy;
			containerPortal = 1F98B8421986435000C77187 /* Project object */;
			proxyType = 1;
			remoteGlobalIDString = 1F98B8491986435000C77187;
			remoteInfo = "BLE-LED";
		};
/* End PBXContainerItemProxy section */

/* Begin PBXFileReference section */
		1F98B84A1986435000C77187 /* BLE-LED.app */ = {isa = PBXFileReference; explicitFileType = wrapper.application; includeInIndex = 0; path = "BLE-LED.app"; sourceTree = BUILT_PRODUCTS_DIR; };
		1F98B84D1986435000C77187 /* Foundation.framework */ = {isa = PBXFileReference; lastKnownFileType = wrapper.framework; name = Foundation.framework; path = System/Library/Frameworks/Foundation.framework; sourceTree = SDKROOT; };
		1F98B84F1986435000C77187 /* CoreGraphics.framework */ = {isa = PBXFileReference; lastKnownFileType = wrapper.framework; name = CoreGraphics.framework; path = System/Library/Frameworks/CoreGraphics.framework; sourceTree = SDKROOT; };
		1F98B8511986435000C77187 /* UIKit.framework */ = {isa = PBXFileReference; lastKnownFileType = wrapper.framework; name = UIKit.framework; path = System/Library/Frameworks/UIKit.framework; sourceTree = SDKROOT; };
		1F98B8551986435000C77187 /* BLE-LED-Info.plist */ = {isa = PBXFileReference; lastKnownFileType = text.plist.xml; path = "BLE-LED-Info.plist"; sourceTree = "<group>"; };
		1F98B8571986435000C77187 /* en */ = {isa = PBXFileReference; lastKnownFileType = text.plist.strings; name = en; path = en.lproj/InfoPlist.strings; sourceTree = "<group>"; };
		1F98B8591986435100C77187 /* main.m */ = {isa = PBXFileReference; lastKnownFileType = sourcecode.c.objc; path = main.m; sourceTree = "<group>"; };
		1F98B85B1986435100C77187 /* BLE-LED-Prefix.pch */ = {isa = PBXFileReference; lastKnownFileType = sourcecode.c.h; path = "BLE-LED-Prefix.pch"; sourceTree = "<group>"; };
		1F98B85C1986435100C77187 /* AppDelegate.h */ = {isa = PBXFileReference; lastKnownFileType = sourcecode.c.h; path = AppDelegate.h; sourceTree = "<group>"; };
		1F98B85D1986435100C77187 /* AppDelegate.m */ = {isa = PBXFileReference; lastKnownFileType = sourcecode.c.objc; path = AppDelegate.m; sourceTree = "<group>"; };
		1F98B8601986435100C77187 /* Base */ = {isa = PBXFileReference; lastKnownFileType = file.storyboard; name = Base; path = Base.lproj/Main.storyboard; sourceTree = "<group>"; };
		1F98B8621986435100C77187 /* ViewController.h */ = {isa = PBXFileReference; lastKnownFileType = sourcecode.c.h; path = ViewController.h; sourceTree = "<group>"; };
		1F98B8631986435100C77187 /* ViewController.m */ = {isa = PBXFileReference; lastKnownFileType = sourcecode.c.objc; path = ViewController.m; sourceTree = "<group>"; };
		1F98B8651986435100C77187 /* Images.xcassets */ = {isa = PBXFileReference; lastKnownFileType = folder.assetcatalog; path = Images.xcassets; sourceTree = "<group>"; };
		1F98B86B1986435100C77187 /* BLE-LEDTests.xctest */ = {isa = PBXFileReference; explicitFileType = wrapper.cfbundle; includeInIndex = 0; path = "BLE-LEDTests.xctest"; sourceTree = BUILT_PRODUCTS_DIR; };
		1F98B86C1986435100C77187 /* XCTest.framework */ = {isa = PBXFileReference; lastKnownFileType = wrapper.framework; name = XCTest.framework; path = Library/Frameworks/XCTest.framework; sourceTree = DEVELOPER_DIR; };
		1F98B8741986435100C77187 /* BLE-LEDTests-Info.plist */ = {isa = PBXFileReference; lastKnownFileType = text.plist.xml; path = "BLE-LEDTests-Info.plist"; sourceTree = "<group>"; };
		1F98B8761986435100C77187 /* en */ = {isa = PBXFileReference; lastKnownFileType = text.plist.strings; name = en; path = en.lproj/InfoPlist.strings; sourceTree = "<group>"; };
		1F98B8781986435100C77187 /* BLE_LEDTests.m */ = {isa = PBXFileReference; lastKnownFileType = sourcecode.c.objc; path = BLE_LEDTests.m; sourceTree = "<group>"; };
/* End PBXFileReference section */

/* Begin PBXFrameworksBuildPhase section */
		1F98B8471986435000C77187 /* Frameworks */ = {
			isa = PBXFrameworksBuildPhase;
			buildActionMask = 2147483647;
			files = (
				1F98B8501986435000C77187 /* CoreGraphics.framework in Frameworks */,
				1F98B8521986435000C77187 /* UIKit.framework in Frameworks */,
				1F98B84E1986435000C77187 /* Foundation.framework in Frameworks */,
			);
			runOnlyForDeploymentPostprocessing = 0;
		};
		1F98B8681986435100C77187 /* Frameworks */ = {
			isa = PBXFrameworksBuildPhase;
			buildActionMask = 2147483647;
			files = (
				1F98B86D1986435100C77187 /* XCTest.framework in Frameworks */,
				1F98B86F1986435100C77187 /* UIKit.framework in Frameworks */,
				1F98B86E1986435100C77187 /* Foundation.framework in Frameworks */,
			);
			runOnlyForDeploymentPostprocessing = 0;
		};
/* End PBXFrameworksBuildPhase section */

/* Begin PBXGroup section */
		1F98B8411986435000C77187 = {
			isa = PBXGroup;
			children = (
				1F98B8531986435000C77187 /* BLE-LED */,
				1F98B8721986435100C77187 /* BLE-LEDTests */,
				1F98B84C1986435000C77187 /* Frameworks */,
				1F98B84B1986435000C77187 /* Products */,
			);
			sourceTree = "<group>";
		};
		1F98B84B1986435000C77187 /* Products */ = {
			isa = PBXGroup;
			children = (
				1F98B84A1986435000C77187 /* BLE-LED.app */,
				1F98B86B1986435100C77187 /* BLE-LEDTests.xctest */,
			);
			name = Products;
			sourceTree = "<group>";
		};
		1F98B84C1986435000C77187 /* Frameworks */ = {
			isa = PBXGroup;
			children = (
				1F98B84D1986435000C77187 /* Foundation.framework */,
				1F98B84F1986435000C77187 /* CoreGraphics.framework */,
				1F98B8511986435000C77187 /* UIKit.framework */,
				1F98B86C1986435100C77187 /* XCTest.framework */,
			);
			name = Frameworks;
			sourceTree = "<group>";
		};
		1F98B8531986435000C77187 /* BLE-LED */ = {
			isa = PBXGroup;
			children = (
				1F98B85C1986435100C77187 /* AppDelegate.h */,
				1F98B85D1986435100C77187 /* AppDelegate.m */,
				1F98B85F1986435100C77187 /* Main.storyboard */,
				1F98B8621986435100C77187 /* ViewController.h */,
				1F98B8631986435100C77187 /* ViewController.m */,
				1F98B8651986435100C77187 /* Images.xcassets */,
				1F98B8541986435000C77187 /* Supporting Files */,
			);
			path = "BLE-LED";
			sourceTree = "<group>";
		};
		1F98B8541986435000C77187 /* Supporting Files */ = {
			isa = PBXGroup;
			children = (
				1F98B8551986435000C77187 /* BLE-LED-Info.plist */,
				1F98B8561986435000C77187 /* InfoPlist.strings */,
				1F98B8591986435100C77187 /* main.m */,
				1F98B85B1986435100C77187 /* BLE-LED-Prefix.pch */,
			);
			name = "Supporting Files";
			sourceTree = "<group>";
		};
		1F98B8721986435100C77187 /* BLE-LEDTests */ = {
			isa = PBXGroup;
			children = (
				1F98B8781986435100C77187 /* BLE_LEDTests.m */,
				1F98B8731986435100C77187 /* Supporting Files */,
			);
			path = "BLE-LEDTests";
			sourceTree = "<group>";
		};
		1F98B8731986435100C77187 /* Supporting Files */ = {
			isa = PBXGroup;
			children = (
				1F98B8741986435100C77187 /* BLE-LEDTests-Info.plist */,
				1F98B8751986435100C77187 /* InfoPlist.strings */,
			);
			name = "Supporting Files";
			sourceTree = "<group>";
		};
/* End PBXGroup section */

/* Begin PBXNativeTarget section */
		1F98B8491986435000C77187 /* BLE-LED */ = {
			isa = PBXNativeTarget;
			buildConfigurationList = 1F98B87C1986435100C77187 /* Build configuration list for PBXNativeTarget "BLE-LED" */;
			buildPhases = (
				1F98B8461986435000C77187 /* Sources */,
				1F98B8471986435000C77187 /* Frameworks */,
				1F98B8481986435000C77187 /* Resources */,
			);
			buildRules = (
			);
			dependencies = (
			);
			name = "BLE-LED";
			productName = "BLE-LED";
			productReference = 1F98B84A1986435000C77187 /* BLE-LED.app */;
			productType = "com.apple.product-type.application";
		};
		1F98B86A1986435100C77187 /* BLE-LEDTests */ = {
			isa = PBXNativeTarget;
			buildConfigurationList = 1F98B87F1986435100C77187 /* Build configuration list for PBXNativeTarget "BLE-LEDTests" */;
			buildPhases = (
				1F98B8671986435100C77187 /* Sources */,
				1F98B8681986435100C77187 /* Frameworks */,
				1F98B8691986435100C77187 /* Resources */,
			);
			buildRules = (
			);
			dependencies = (
				1F98B8711986435100C77187 /* PBXTargetDependency */,
			);
			name = "BLE-LEDTests";
			productName = "BLE-LEDTests";
			productReference = 1F98B86B1986435100C77187 /* BLE-LEDTests.xctest */;
			productType = "com.apple.product-type.bundle.unit-test";
		};
/* End PBXNativeTarget section */

/* Begin PBXProject section */
		1F98B8421986435000C77187 /* Project object */ = {
			isa = PBXProject;
			attributes = {
				LastUpgradeCheck = 0510;
				ORGANIZATIONNAME = jiuzhou;
				TargetAttributes = {
					1F98B86A1986435100C77187 = {
						TestTargetID = 1F98B8491986435000C77187;
					};
				};
			};
			buildConfigurationList = 1F98B8451986435000C77187 /* Build configuration list for PBXProject "BLE-LED" */;
			compatibilityVersion = "Xcode 3.2";
			developmentRegion = English;
			hasScannedForEncodings = 0;
			knownRegions = (
				en,
				Base,
			);
			mainGroup = 1F98B8411986435000C77187;
			productRefGroup = 1F98B84B1986435000C77187 /* Products */;
			projectDirPath = "";
			projectRoot = "";
			targets = (
				1F98B8491986435000C77187 /* BLE-LED */,
				1F98B86A1986435100C77187 /* BLE-LEDTests */,
			);
		};
/* End PBXProject section */

/* Begin PBXResourcesBuildPhase section */
		1F98B8481986435000C77187 /* Resources */ = {
			isa = PBXResourcesBuildPhase;
			buildActionMask = 2147483647;
			files = (
				1F98B8661986435100C77187 /* Images.xcassets in Resources */,
				1F98B8581986435000C77187 /* InfoPlist.strings in Resources */,
				1F98B8611986435100C77187 /* Main.storyboard in Resources */,
			);
			runOnlyForDeploymentPostprocessing = 0;
		};
		1F98B8691986435100C77187 /* Resources */ = {
			isa = PBXResourcesBuildPhase;
			buildActionMask = 2147483647;
			files = (
				1F98B8771986435100C77187 /* InfoPlist.strings in Resources */,
			);
			runOnlyForDeploymentPostprocessing = 0;
		};
/* End PBXResourcesBuildPhase section */

/* Begin PBXSourcesBuildPhase section */
		1F98B8461986435000C77187 /* Sources */ = {
			isa = PBXSourcesBuildPhase;
			buildActionMask = 2147483647;
			files = (
				1F98B8641986435100C77187 /* ViewController.m in Sources */,
				1F98B85E1986435100C77187 /* AppDelegate.m in Sources */,
				1F98B85A1986435100C77187 /* main.m in Sources */,
			);
			runOnlyForDeploymentPostprocessing = 0;
		};
		1F98B8671986435100C77187 /* Sources */ = {
			isa = PBXSourcesBuildPhase;
			buildActionMask = 2147483647;
			files = (
				1F98B8791986435100C77187 /* BLE_LEDTests.m in Sources */,
			);
			runOnlyForDeploymentPostprocessing = 0;
		};
/* End PBXSourcesBuildPhase section */

/* Begin PBXTargetDependency section */
		1F98B8711986435100C77187 /* PBXTargetDependency */ = {
			isa = PBXTargetDependency;
			target = 1F98B8491986435000C77187 /* BLE-LED */;
			targetProxy = 1F98B8701986435100C77187 /* PBXContainerItemProxy */;
		};
/* End PBXTargetDependency section */

/* Begin PBXVariantGroup section */
		1F98B8561986435000C77187 /* InfoPlist.strings */ = {
			isa = PBXVariantGroup;
			children = (
				1F98B8571986435000C77187 /* en */,
			);
			name = InfoPlist.strings;
			sourceTree = "<group>";
		};
		1F98B85F1986435100C77187 /* Main.storyboard */ = {
			isa = PBXVariantGroup;
			children = (
				1F98B8601986435100C77187 /* Base */,
			);
			name = Main.storyboard;
			sourceTree = "<group>";
		};
		1F98B8751986435100C77187 /* InfoPlist.strings */ = {
			isa = PBXVariantGroup;
			children = (
				1F98B8761986435100C77187 /* en */,
			);
			name = InfoPlist.strings;
			sourceTree = "<group>";
		};
/* End PBXVariantGroup section */

/* Begin XCBuildConfiguration section */
		1F98B87A1986435100C77187 /* Debug */ = {
			isa = XCBuildConfiguration;
			buildSettings = {
				ALWAYS_SEARCH_USER_PATHS = NO;
				CLANG_CXX_LANGUAGE_STANDARD = "gnu++0x";
				CLANG_CXX_LIBRARY = "libc++";
				CLANG_ENABLE_MODULES = YES;
				CLANG_ENABLE_OBJC_ARC = YES;
				CLANG_WARN_BOOL_CONVERSION = YES;
				CLANG_WARN_CONSTANT_CONVERSION = YES;
				CLANG_WARN_DIRECT_OBJC_ISA_USAGE = YES_ERROR;
				CLANG_WARN_EMPTY_BODY = YES;
				CLANG_WARN_ENUM_CONVERSION = YES;
				CLANG_WARN_INT_CONVERSION = YES;
				CLANG_WARN_OBJC_ROOT_CLASS = YES_ERROR;
				CLANG_WARN__DUPLICATE_METHOD_MATCH = YES;
				"CODE_SIGN_IDENTITY[sdk=iphoneos*]" = "iPhone Developer";
				COPY_PHASE_STRIP = NO;
				GCC_C_LANGUAGE_STANDARD = gnu99;
				GCC_DYNAMIC_NO_PIC = NO;
				GCC_OPTIMIZATION_LEVEL = 0;
				GCC_PREPROCESSOR_DEFINITIONS = (
					"DEBUG=1",
					"$(inherited)",
				);
				GCC_SYMBOLS_PRIVATE_EXTERN = NO;
				GCC_WARN_64_TO_32_BIT_CONVERSION = YES;
				GCC_WARN_ABOUT_RETURN_TYPE = YES_ERROR;
				GCC_WARN_UNDECLARED_SELECTOR = YES;
				GCC_WARN_UNINITIALIZED_AUTOS = YES_AGGRESSIVE;
				GCC_WARN_UNUSED_FUNCTION = YES;
				GCC_WARN_UNUSED_VARIABLE = YES;
				IPHONEOS_DEPLOYMENT_TARGET = 7.1;
				ONLY_ACTIVE_ARCH = YES;
				SDKROOT = iphoneos;
			};
			name = Debug;
		};
		1F98B87B1986435100C77187 /* Release */ = {
			isa = XCBuildConfiguration;
			buildSettings = {
				ALWAYS_SEARCH_USER_PATHS = NO;
				CLANG_CXX_LANGUAGE_STANDARD = "gnu++0x";
				CLANG_CXX_LIBRARY = "libc++";
				CLANG_ENABLE_MODULES = YES;
				CLANG_ENABLE_OBJC_ARC = YES;
				CLANG_WARN_BOOL_CONVERSION = YES;
				CLANG_WARN_CONSTANT_CONVERSION = YES;
				CLANG_WARN_DIRECT_OBJC_ISA_USAGE = YES_ERROR;
				CLANG_WARN_EMPTY_BODY = YES;
				CLANG_WARN_ENUM_CONVERSION = YES;
				CLANG_WARN_INT_CONVERSION = YES;
				CLANG_WARN_OBJC_ROOT_CLASS = YES_ERROR;
				CLANG_WARN__DUPLICATE_METHOD_MATCH = YES;
				"CODE_SIGN_IDENTITY[sdk=iphoneos*]" = "iPhone Developer";
				COPY_PHASE_STRIP = YES;
				ENABLE_NS_ASSERTIONS = NO;
				GCC_C_LANGUAGE_STANDARD = gnu99;
				GCC_WARN_64_TO_32_BIT_CONVERSION = YES;
				GCC_WARN_ABOUT_RETURN_TYPE = YES_ERROR;
				GCC_WARN_UNDECLARED_SELECTOR = YES;
				GCC_WARN_UNINITIALIZED_AUTOS = YES_AGGRESSIVE;
				GCC_WARN_UNUSED_FUNCTION = YES;
				GCC_WARN_UNUSED_VARIABLE = YES;
				IPHONEOS_DEPLOYMENT_TARGET = 7.1;
				SDKROOT = iphoneos;
				VALIDATE_PRODUCT = YES;
			};
			name = Release;
		};
		1F98B87D1986435100C77187 /* Debug */ = {
			isa = XCBuildConfiguration;
			buildSettings = {
				ASSETCATALOG_COMPILER_APPICON_NAME = AppIcon;
				ASSETCATALOG_COMPILER_LAUNCHIMAGE_NAME = LaunchImage;
				GCC_PRECOMPILE_PREFIX_HEADER = YES;
				GCC_PREFIX_HEADER = "BLE-LED/BLE-LED-Prefix.pch";
				INFOPLIST_FILE = "BLE-LED/BLE-LED-Info.plist";
				PRODUCT_NAME = "$(TARGET_NAME)";
				WRAPPER_EXTENSION = app;
			};
			name = Debug;
		};
		1F98B87E1986435100C77187 /* Release */ = {
			isa = XCBuildConfiguration;
			buildSettings = {
				ASSETCATALOG_COMPILER_APPICON_NAME = AppIcon;
				ASSETCATALOG_COMPILER_LAUNCHIMAGE_NAME = LaunchImage;
				GCC_PRECOMPILE_PREFIX_HEADER = YES;
				GCC_PREFIX_HEADER = "BLE-LED/BLE-LED-Prefix.pch";
				INFOPLIST_FILE = "BLE-LED/BLE-LED-Info.plist";
				PRODUCT_NAME = "$(TARGET_NAME)";
				WRAPPER_EXTENSION = app;
			};
			name = Release;
		};
		1F98B8801986435100C77187 /* Debug */ = {
			isa = XCBuildConfiguration;
			buildSettings = {
				BUNDLE_LOADER = "$(BUILT_PRODUCTS_DIR)/BLE-LED.app/BLE-LED";
				FRAMEWORK_SEARCH_PATHS = (
					"$(SDKROOT)/Developer/Library/Frameworks",
					"$(inherited)",
					"$(DEVELOPER_FRAMEWORKS_DIR)",
				);
				GCC_PRECOMPILE_PREFIX_HEADER = YES;
				GCC_PREFIX_HEADER = "BLE-LED/BLE-LED-Prefix.pch";
				GCC_PREPROCESSOR_DEFINITIONS = (
					"DEBUG=1",
					"$(inherited)",
				);
				INFOPLIST_FILE = "BLE-LEDTests/BLE-LEDTests-Info.plist";
				PRODUCT_NAME = "$(TARGET_NAME)";
				TEST_HOST = "$(BUNDLE_LOADER)";
				WRAPPER_EXTENSION = xctest;
			};
			name = Debug;
		};
		1F98B8811986435100C77187 /* Release */ = {
			isa = XCBuildConfiguration;
			buildSettings = {
				BUNDLE_LOADER = "$(BUILT_PRODUCTS_DIR)/BLE-LED.app/BLE-LED";
				FRAMEWORK_SEARCH_PATHS = (
					"$(SDKROOT)/Developer/Library/Frameworks",
					"$(inherited)",
					"$(DEVELOPER_FRAMEWORKS_DIR)",
				);
				GCC_PRECOMPILE_PREFIX_HEADER = YES;
				GCC_PREFIX_HEADER = "BLE-LED/BLE-LED-Prefix.pch";
				INFOPLIST_FILE = "BLE-LEDTests/BLE-LEDTests-Info.plist";
				PRODUCT_NAME = "$(TARGET_NAME)";
				TEST_HOST = "$(BUNDLE_LOADER)";
				WRAPPER_EXTENSION = xctest;
			};
			name = Release;
		};
/* End XCBuildConfiguration section */

/* Begin XCConfigurationList section */
		1F98B8451986435000C77187 /* Build configuration list for PBXProject "BLE-LED" */ = {
			isa = XCConfigurationList;
			buildConfigurations = (
				1F98B87A1986435100C77187 /* Debug */,
				1F98B87B1986435100C77187 /* Release */,
			);
			defaultConfigurationIsVisible = 0;
			defaultConfigurationName = Release;
		};
		1F98B87C1986435100C77187 /* Build configuration list for PBXNativeTarget "BLE-LED" */ = {
			isa = XCConfigurationList;
			buildConfigurations = (
				1F98B87D1986435100C77187 /* Debug */,
				1F98B87E1986435100C77187 /* Release */,
			);
			defaultConfigurationIsVisible = 0;
		};
		1F98B87F1986435100C77187 /* Build configuration list for PBXNativeTarget "BLE-LEDTests" */ = {
			isa = XCConfigurationList;
			buildConfigurations = (
				1F98B8801986435100C77187 /* Debug */,
				1F98B8811986435100C77187 /* Release */,
			);
			defaultConfigurationIsVisible = 0;
		};
/* End XCConfigurationList section */
	};
	rootObject = 1F98B8421986435000C77187 /* Project object */;
}
